// !$*UTF8*$!
{
	archiveVersion = 1;
	classes = {
	};
	objectVersion = 55;
	objects = {

/* Begin PBXBuildFile section */
		6A5DC2122887D79C00241D83 /* Main.swift in Sources */ = {isa = PBXBuildFile; fileRef = 6A5DC2112887D79C00241D83 /* Main.swift */; };
		6A5DC2162887D79C00241D83 /* Viewer.swift in Sources */ = {isa = PBXBuildFile; fileRef = 6A5DC2152887D79C00241D83 /* Viewer.swift */; };
		6A5DC2192887D79C00241D83 /* Main.storyboard in Resources */ = {isa = PBXBuildFile; fileRef = 6A5DC2172887D79C00241D83 /* Main.storyboard */; };
		6A5DC21B2887D79D00241D83 /* Assets.xcassets in Resources */ = {isa = PBXBuildFile; fileRef = 6A5DC21A2887D79D00241D83 /* Assets.xcassets */; };
		6A5DC2262887D7E100241D83 /* CalcModel.swift in Sources */ = {isa = PBXBuildFile; fileRef = 6A5DC2252887D7E100241D83 /* CalcModel.swift */; };
		6A5DC2282887D7FD00241D83 /* CalcEngine.swift in Sources */ = {isa = PBXBuildFile; fileRef = 6A5DC2272887D7FD00241D83 /* CalcEngine.swift */; };
		6A5DC22A2887D82E00241D83 /* Controller.swift in Sources */ = {isa = PBXBuildFile; fileRef = 6A5DC2292887D82E00241D83 /* Controller.swift */; };
/* End PBXBuildFile section */

/* Begin PBXFileReference section */
		6A5DC20E2887D79C00241D83 /* Calculate_RPN.app */ = {isa = PBXFileReference; explicitFileType = wrapper.application; includeInIndex = 0; path = Calculate_RPN.app; sourceTree = BUILT_PRODUCTS_DIR; };
		6A5DC2112887D79C00241D83 /* Main.swift */ = {isa = PBXFileReference; lastKnownFileType = sourcecode.swift; path = Main.swift; sourceTree = "<group>"; };
		6A5DC2152887D79C00241D83 /* Viewer.swift */ = {isa = PBXFileReference; lastKnownFileType = sourcecode.swift; path = Viewer.swift; sourceTree = "<group>"; };
		6A5DC2182887D79C00241D83 /* Base */ = {isa = PBXFileReference; lastKnownFileType = file.storyboard; name = Base; path = Base.lproj/Main.storyboard; sourceTree = "<group>"; };
		6A5DC21A2887D79D00241D83 /* Assets.xcassets */ = {isa = PBXFileReference; lastKnownFileType = folder.assetcatalog; path = Assets.xcassets; sourceTree = "<group>"; };
		6A5DC21F2887D79D00241D83 /* Info.plist */ = {isa = PBXFileReference; lastKnownFileType = text.plist.xml; path = Info.plist; sourceTree = "<group>"; };
		6A5DC2252887D7E100241D83 /* CalcModel.swift */ = {isa = PBXFileReference; lastKnownFileType = sourcecode.swift; path = CalcModel.swift; sourceTree = "<group>"; };
		6A5DC2272887D7FD00241D83 /* CalcEngine.swift */ = {isa = PBXFileReference; lastKnownFileType = sourcecode.swift; path = CalcEngine.swift; sourceTree = "<group>"; };
		6A5DC2292887D82E00241D83 /* Controller.swift */ = {isa = PBXFileReference; lastKnownFileType = sourcecode.swift; path = Controller.swift; sourceTree = "<group>"; };
/* End PBXFileReference section */

/* Begin PBXFrameworksBuildPhase section */
		6A5DC20B2887D79C00241D83 /* Frameworks */ = {
			isa = PBXFrameworksBuildPhase;
			buildActionMask = 2147483647;
			files = (
			);
			runOnlyForDeploymentPostprocessing = 0;
		};
/* End PBXFrameworksBuildPhase section */

/* Begin PBXGroup section */
		6A5DC2052887D79C00241D83 = {
			isa = PBXGroup;
			children = (
				6A5DC2102887D79C00241D83 /* Calculate_RPN */,
				6A5DC20F2887D79C00241D83 /* Products */,
			);
			sourceTree = "<group>";
		};
		6A5DC20F2887D79C00241D83 /* Products */ = {
			isa = PBXGroup;
			children = (
				6A5DC20E2887D79C00241D83 /* Calculate_RPN.app */,
			);
			name = Products;
			sourceTree = "<group>";
		};
		6A5DC2102887D79C00241D83 /* Calculate_RPN */ = {
			isa = PBXGroup;
			children = (
				6A5DC2112887D79C00241D83 /* Main.swift */,
				6A5DC22D2887D87500241D83 /* Model */,
				6A5DC22B2887D86100241D83 /* Viewer */,
				6A5DC22C2887D86800241D83 /* Controller */,
				6A5DC2172887D79C00241D83 /* Main.storyboard */,
				6A5DC21A2887D79D00241D83 /* Assets.xcassets */,
				6A5DC21F2887D79D00241D83 /* Info.plist */,
			);
			path = Calculate_RPN;
			sourceTree = "<group>";
		};
		6A5DC22B2887D86100241D83 /* Viewer */ = {
			isa = PBXGroup;
			children = (
				6A5DC2152887D79C00241D83 /* Viewer.swift */,
			);
			path = Viewer;
			sourceTree = "<group>";
		};
		6A5DC22C2887D86800241D83 /* Controller */ = {
			isa = PBXGroup;
			children = (
				6A5DC2292887D82E00241D83 /* Controller.swift */,
			);
			path = Controller;
			sourceTree = "<group>";
		};
		6A5DC22D2887D87500241D83 /* Model */ = {
			isa = PBXGroup;
			children = (
				6A5DC2252887D7E100241D83 /* CalcModel.swift */,
				6A5DC2272887D7FD00241D83 /* CalcEngine.swift */,
			);
			path = Model;
			sourceTree = "<group>";
		};
/* End PBXGroup section */

/* Begin PBXNativeTarget section */
		6A5DC20D2887D79C00241D83 /* Calculate_RPN */ = {
			isa = PBXNativeTarget;
			buildConfigurationList = 6A5DC2222887D79D00241D83 /* Build configuration list for PBXNativeTarget "Calculate_RPN" */;
			buildPhases = (
				6A5DC20A2887D79C00241D83 /* Sources */,
				6A5DC20B2887D79C00241D83 /* Frameworks */,
				6A5DC20C2887D79C00241D83 /* Resources */,
			);
			buildRules = (
			);
			dependencies = (
			);
			name = Calculate_RPN;
			productName = Calculate_RPN;
			productReference = 6A5DC20E2887D79C00241D83 /* Calculate_RPN.app */;
			productType = "com.apple.product-type.application";
		};
/* End PBXNativeTarget section */

/* Begin PBXProject section */
		6A5DC2062887D79C00241D83 /* Project object */ = {
			isa = PBXProject;
			attributes = {
				BuildIndependentTargetsInParallel = 1;
				LastSwiftUpdateCheck = 1340;
				LastUpgradeCheck = 1340;
				TargetAttributes = {
					6A5DC20D2887D79C00241D83 = {
						CreatedOnToolsVersion = 13.4.1;
					};
				};
			};
			buildConfigurationList = 6A5DC2092887D79C00241D83 /* Build configuration list for PBXProject "Calculate_RPN" */;
			compatibilityVersion = "Xcode 13.0";
			developmentRegion = en;
			hasScannedForEncodings = 0;
			knownRegions = (
				en,
				Base,
			);
			mainGroup = 6A5DC2052887D79C00241D83;
			productRefGroup = 6A5DC20F2887D79C00241D83 /* Products */;
			projectDirPath = "";
			projectRoot = "";
			targets = (
				6A5DC20D2887D79C00241D83 /* Calculate_RPN */,
			);
		};
/* End PBXProject section */

/* Begin PBXResourcesBuildPhase section */
		6A5DC20C2887D79C00241D83 /* Resources */ = {
			isa = PBXResourcesBuildPhase;
			buildActionMask = 2147483647;
			files = (
				6A5DC21B2887D79D00241D83 /* Assets.xcassets in Resources */,
				6A5DC2192887D79C00241D83 /* Main.storyboard in Resources */,
			);
			runOnlyForDeploymentPostprocessing = 0;
		};
/* End PBXResourcesBuildPhase section */

/* Begin PBXSourcesBuildPhase section */
		6A5DC20A2887D79C00241D83 /* Sources */ = {
			isa = PBXSourcesBuildPhase;
			buildActionMask = 2147483647;
			files = (
				6A5DC22A2887D82E00241D83 /* Controller.swift in Sources */,
				6A5DC2282887D7FD00241D83 /* CalcEngine.swift in Sources */,
				6A5DC2262887D7E100241D83 /* CalcModel.swift in Sources */,
				6A5DC2162887D79C00241D83 /* Viewer.swift in Sources */,
				6A5DC2122887D79C00241D83 /* Main.swift in Sources */,
			);
			runOnlyForDeploymentPostprocessing = 0;
		};
/* End PBXSourcesBuildPhase section */

/* Begin PBXVariantGroup section */
		6A5DC2172887D79C00241D83 /* Main.storyboard */ = {
			isa = PBXVariantGroup;
			children = (
				6A5DC2182887D79C00241D83 /* Base */,
			);
			name = Main.storyboard;
			sourceTree = "<group>";
		};
/* End PBXVariantGroup section */

/* Begin XCBuildConfiguration section */
		6A5DC2202887D79D00241D83 /* Debug */ = {
			isa = XCBuildConfiguration;
			buildSettings = {
				ALWAYS_SEARCH_USER_PATHS = NO;
				CLANG_ANALYZER_NONNULL = YES;
				CLANG_ANALYZER_NUMBER_OBJECT_CONVERSION = YES_AGGRESSIVE;
				CLANG_CXX_LANGUAGE_STANDARD = "gnu++17";
				CLANG_ENABLE_MODULES = YES;
				CLANG_ENABLE_OBJC_ARC = YES;
				CLANG_ENABLE_OBJC_WEAK = YES;
				CLANG_WARN_BLOCK_CAPTURE_AUTORELEASING = YES;
				CLANG_WARN_BOOL_CONVERSION = YES;
				CLANG_WARN_COMMA = YES;
				CLANG_WARN_CONSTANT_CONVERSION = YES;
				CLANG_WARN_DEPRECATED_OBJC_IMPLEMENTATIONS = YES;
				CLANG_WARN_DIRECT_OBJC_ISA_USAGE = YES_ERROR;
				CLANG_WARN_DOCUMENTATION_COMMENTS = YES;
				CLANG_WARN_EMPTY_BODY = YES;
				CLANG_WARN_ENUM_CONVERSION = YES;
				CLANG_WARN_INFINITE_RECURSION = YES;
				CLANG_WARN_INT_CONVERSION = YES;
				CLANG_WARN_NON_LITERAL_NULL_CONVERSION = YES;
				CLANG_WARN_OBJC_IMPLICIT_RETAIN_SELF = YES;
				CLANG_WARN_OBJC_LITERAL_CONVERSION = YES;
				CLANG_WARN_OBJC_ROOT_CLASS = YES_ERROR;
				CLANG_WARN_QUOTED_INCLUDE_IN_FRAMEWORK_HEADER = YES;
				CLANG_WARN_RANGE_LOOP_ANALYSIS = YES;
				CLANG_WARN_STRICT_PROTOTYPES = YES;
				CLANG_WARN_SUSPICIOUS_MOVE = YES;
				CLANG_WARN_UNGUARDED_AVAILABILITY = YES_AGGRESSIVE;
				CLANG_WARN_UNREACHABLE_CODE = YES;
				CLANG_WARN__DUPLICATE_METHOD_MATCH = YES;
				COPY_PHASE_STRIP = NO;
				DEBUG_INFORMATION_FORMAT = dwarf;
				ENABLE_STRICT_OBJC_MSGSEND = YES;
				ENABLE_TESTABILITY = YES;
				GCC_C_LANGUAGE_STANDARD = gnu11;
				GCC_DYNAMIC_NO_PIC = NO;
				GCC_NO_COMMON_BLOCKS = YES;
				GCC_OPTIMIZATION_LEVEL = 0;
				GCC_PREPROCESSOR_DEFINITIONS = (
					"DEBUG=1",
					"$(inherited)",
				);
				GCC_WARN_64_TO_32_BIT_CONVERSION = YES;
				GCC_WARN_ABOUT_RETURN_TYPE = YES_ERROR;
				GCC_WARN_UNDECLARED_SELECTOR = YES;
				GCC_WARN_UNINITIALIZED_AUTOS = YES_AGGRESSIVE;
				GCC_WARN_UNUSED_FUNCTION = YES;
				GCC_WARN_UNUSED_VARIABLE = YES;
				IPHONEOS_DEPLOYMENT_TARGET = 15.5;
				MTL_ENABLE_DEBUG_INFO = INCLUDE_SOURCE;
				MTL_FAST_MATH = YES;
				ONLY_ACTIVE_ARCH = YES;
				SDKROOT = iphoneos;
				SWIFT_ACTIVE_COMPILATION_CONDITIONS = DEBUG;
				SWIFT_OPTIMIZATION_LEVEL = "-Onone";
			};
			name = Debug;
		};
		6A5DC2212887D79D00241D83 /* Release */ = {
			isa = XCBuildConfiguration;
			buildSettings = {
				ALWAYS_SEARCH_USER_PATHS = NO;
				CLANG_ANALYZER_NONNULL = YES;
				CLANG_ANALYZER_NUMBER_OBJECT_CONVERSION = YES_AGGRESSIVE;
				CLANG_CXX_LANGUAGE_STANDARD = "gnu++17";
				CLANG_ENABLE_MODULES = YES;
				CLANG_ENABLE_OBJC_ARC = YES;
				CLANG_ENABLE_OBJC_WEAK = YES;
				CLANG_WARN_BLOCK_CAPTURE_AUTORELEASING = YES;
				CLANG_WARN_BOOL_CONVERSION = YES;
				CLANG_WARN_COMMA = YES;
				CLANG_WARN_CONSTANT_CONVERSION = YES;
				CLANG_WARN_DEPRECATED_OBJC_IMPLEMENTATIONS = YES;
				CLANG_WARN_DIRECT_OBJC_ISA_USAGE = YES_ERROR;
				CLANG_WARN_DOCUMENTATION_COMMENTS = YES;
				CLANG_WARN_EMPTY_BODY = YES;
				CLANG_WARN_ENUM_CONVERSION = YES;
				CLANG_WARN_INFINITE_RECURSION = YES;
				CLANG_WARN_INT_CONVERSION = YES;
				CLANG_WARN_NON_LITERAL_NULL_CONVERSION = YES;
				CLANG_WARN_OBJC_IMPLICIT_RETAIN_SELF = YES;
				CLANG_WARN_OBJC_LITERAL_CONVERSION = YES;
				CLANG_WARN_OBJC_ROOT_CLASS = YES_ERROR;
				CLANG_WARN_QUOTED_INCLUDE_IN_FRAMEWORK_HEADER = YES;
				CLANG_WARN_RANGE_LOOP_ANALYSIS = YES;
				CLANG_WARN_STRICT_PROTOTYPES = YES;
				CLANG_WARN_SUSPICIOUS_MOVE = YES;
				CLANG_WARN_UNGUARDED_AVAILABILITY = YES_AGGRESSIVE;
				CLANG_WARN_UNREACHABLE_CODE = YES;
				CLANG_WARN__DUPLICATE_METHOD_MATCH = YES;
				COPY_PHASE_STRIP = NO;
				DEBUG_INFORMATION_FORMAT = "dwarf-with-dsym";
				ENABLE_NS_ASSERTIONS = NO;
				ENABLE_STRICT_OBJC_MSGSEND = YES;
				GCC_C_LANGUAGE_STANDARD = gnu11;
				GCC_NO_COMMON_BLOCKS = YES;
				GCC_WARN_64_TO_32_BIT_CONVERSION = YES;
				GCC_WARN_ABOUT_RETURN_TYPE = YES_ERROR;
				GCC_WARN_UNDECLARED_SELECTOR = YES;
				GCC_WARN_UNINITIALIZED_AUTOS = YES_AGGRESSIVE;
				GCC_WARN_UNUSED_FUNCTION = YES;
				GCC_WARN_UNUSED_VARIABLE = YES;
				IPHONEOS_DEPLOYMENT_TARGET = 15.5;
				MTL_ENABLE_DEBUG_INFO = NO;
				MTL_FAST_MATH = YES;
				SDKROOT = iphoneos;
				SWIFT_COMPILATION_MODE = wholemodule;
				SWIFT_OPTIMIZATION_LEVEL = "-O";
				VALIDATE_PRODUCT = YES;
			};
			name = Release;
		};
		6A5DC2232887D79D00241D83 /* Debug */ = {
			isa = XCBuildConfiguration;
			buildSettings = {
				ASSETCATALOG_COMPILER_APPICON_NAME = AppIcon;
				ASSETCATALOG_COMPILER_GLOBAL_ACCENT_COLOR_NAME = AccentColor;
				CODE_SIGN_STYLE = Automatic;
				CURRENT_PROJECT_VERSION = 1;
				DEVELOPMENT_TEAM = GX7JN5V594;
				GENERATE_INFOPLIST_FILE = YES;
				INFOPLIST_FILE = Calculate_RPN/Info.plist;
				INFOPLIST_KEY_UIApplicationSupportsIndirectInputEvents = YES;
				INFOPLIST_KEY_UILaunchStoryboardName = LaunchScreen;
				INFOPLIST_KEY_UIMainStoryboardFile = Main;
				INFOPLIST_KEY_UISupportedInterfaceOrientations_iPad = "UIInterfaceOrientationPortrait UIInterfaceOrientationPortraitUpsideDown UIInterfaceOrientationLandscapeLeft UIInterfaceOrientationLandscapeRight";
				INFOPLIST_KEY_UISupportedInterfaceOrientations_iPhone = "UIInterfaceOrientationPortrait UIInterfaceOrientationLandscapeLeft UIInterfaceOrientationLandscapeRight";
				LD_RUNPATH_SEARCH_PATHS = (
					"$(inherited)",
					"@executable_path/Frameworks",
				);
				MARKETING_VERSION = 1.0;
				PRODUCT_BUNDLE_IDENTIFIER = "sherislamdev.Calculate-RPN";
				PRODUCT_NAME = "$(TARGET_NAME)";
				SWIFT_EMIT_LOC_STRINGS = YES;
				SWIFT_VERSION = 5.0;
				TARGETED_DEVICE_FAMILY = "1,2";
			};
			name = Debug;
		};
		6A5DC2242887D79D00241D83 /* Release */ = {
			isa = XCBuildConfiguration;
			buildSettings = {
				ASSETCATALOG_COMPILER_APPICON_NAME = AppIcon;
				ASSETCATALOG_COMPILER_GLOBAL_ACCENT_COLOR_NAME = AccentColor;
				CODE_SIGN_STYLE = Automatic;
				CURRENT_PROJECT_VERSION = 1;
				DEVELOPMENT_TEAM = GX7JN5V594;
				GENERATE_INFOPLIST_FILE = YES;
				INFOPLIST_FILE = Calculate_RPN/Info.plist;
				INFOPLIST_KEY_UIApplicationSupportsIndirectInputEvents = YES;
				INFOPLIST_KEY_UILaunchStoryboardName = LaunchScreen;
				INFOPLIST_KEY_UIMainStoryboardFile = Main;
				INFOPLIST_KEY_UISupportedInterfaceOrientations_iPad = "UIInterfaceOrientationPortrait UIInterfaceOrientationPortraitUpsideDown UIInterfaceOrientationLandscapeLeft UIInterfaceOrientationLandscapeRight";
				INFOPLIST_KEY_UISupportedInterfaceOrientations_iPhone = "UIInterfaceOrientationPortrait UIInterfaceOrientationLandscapeLeft UIInterfaceOrientationLandscapeRight";
				LD_RUNPATH_SEARCH_PATHS = (
					"$(inherited)",
					"@executable_path/Frameworks",
				);
				MARKETING_VERSION = 1.0;
				PRODUCT_BUNDLE_IDENTIFIER = "sherislamdev.Calculate-RPN";
				PRODUCT_NAME = "$(TARGET_NAME)";
				SWIFT_EMIT_LOC_STRINGS = YES;
				SWIFT_VERSION = 5.0;
				TARGETED_DEVICE_FAMILY = "1,2";
			};
			name = Release;
		};
/* End XCBuildConfiguration section */

/* Begin XCConfigurationList section */
		6A5DC2092887D79C00241D83 /* Build configuration list for PBXProject "Calculate_RPN" */ = {
			isa = XCConfigurationList;
			buildConfigurations = (
				6A5DC2202887D79D00241D83 /* Debug */,
				6A5DC2212887D79D00241D83 /* Release */,
			);
			defaultConfigurationIsVisible = 0;
			defaultConfigurationName = Release;
		};
		6A5DC2222887D79D00241D83 /* Build configuration list for PBXNativeTarget "Calculate_RPN" */ = {
			isa = XCConfigurationList;
			buildConfigurations = (
				6A5DC2232887D79D00241D83 /* Debug */,
				6A5DC2242887D79D00241D83 /* Release */,
			);
			defaultConfigurationIsVisible = 0;
			defaultConfigurationName = Release;
		};
/* End XCConfigurationList section */
	};
	rootObject = 6A5DC2062887D79C00241D83 /* Project object */;
}
